
Microsoft Visual Studio Solution File, Format Version 12.00
# Visual Studio 15
Project("{FAE04EC0-301F-11D3-BF4B-00C04F79EFBC}") = "Assembly-CSharp-firstpass", "Assembly-CSharp-firstpass.csproj", "{6783A2AF-5DD7-1F6D-7DBE-6916C11BB000}"
EndProject
Project("{FAE04EC0-301F-11D3-BF4B-00C04F79EFBC}") = "Assembly-CSharp", "Assembly-CSharp.csproj", "{EF694547-1FD2-580E-F0AB-2986BA3D19EA}"
EndProject
Project("{FAE04EC0-301F-11D3-BF4B-00C04F79EFBC}") = "Assembly-CSharp-Editor-firstpass", "Assembly-CSharp-Editor-firstpass.csproj", "{69CA81EC-6F02-3BD8-EFD7-40E480417ECF}"
EndProject
Global
	GlobalSection(SolutionConfigurationPlatforms) = preSolution
		Debug|Any CPU = Debug|Any CPU
		Release|Any CPU = Release|Any CPU
	EndGlobalSection
	GlobalSection(ProjectConfigurationPlatforms) = postSolution
		{6783A2AF-5DD7-1F6D-7DBE-6916C11BB000}.Debug|Any CPU.ActiveCfg = Debug|Any CPU
		{6783A2AF-5DD7-1F6D-7DBE-6916C11BB000}.Debug|Any CPU.Build.0 = Debug|Any CPU
		{6783A2AF-5DD7-1F6D-7DBE-6916C11BB000}.Release|Any CPU.ActiveCfg = Release|Any CPU
		{6783A2AF-5DD7-1F6D-7DBE-6916C11BB000}.Release|Any CPU.Build.0 = Release|Any CPU
		{EF694547-1FD2-580E-F0AB-2986BA3D19EA}.Debug|Any CPU.ActiveCfg = Debug|Any CPU
		{EF694547-1FD2-580E-F0AB-2986BA3D19EA}.Debug|Any CPU.Build.0 = Debug|Any CPU
		{EF694547-1FD2-580E-F0AB-2986BA3D19EA}.Release|Any CPU.ActiveCfg = Release|Any CPU
		{EF694547-1FD2-580E-F0AB-2986BA3D19EA}.Release|Any CPU.Build.0 = Release|Any CPU
		{69CA81EC-6F02-3BD8-EFD7-40E480417ECF}.Debug|Any CPU.ActiveCfg = Debug|Any CPU
		{69CA81EC-6F02-3BD8-EFD7-40E480417ECF}.Debug|Any CPU.Build.0 = Debug|Any CPU
		{69CA81EC-6F02-3BD8-EFD7-40E480417ECF}.Release|Any CPU.ActiveCfg = Release|Any CPU
		{69CA81EC-6F02-3BD8-EFD7-40E480417ECF}.Release|Any CPU.Build.0 = Release|Any CPU
	EndGlobalSection
	GlobalSection(SolutionProperties) = preSolution
		HideSolutionNode = FALSE
	EndGlobalSection
EndGlobal
